// !$*UTF8*$!
{
	archiveVersion = 1;
	classes = {
	};
	objectVersion = 55;
	objects = {

/* Begin PBXBuildFile section */
		900286CC28835CFD004C06EF /* AppDelegate.swift in Sources */ = {isa = PBXBuildFile; fileRef = 900286CB28835CFD004C06EF /* AppDelegate.swift */; };
		900286CE28835CFD004C06EF /* SceneDelegate.swift in Sources */ = {isa = PBXBuildFile; fileRef = 900286CD28835CFD004C06EF /* SceneDelegate.swift */; };
		900286D028835CFD004C06EF /* MoviesVC.swift in Sources */ = {isa = PBXBuildFile; fileRef = 900286CF28835CFD004C06EF /* MoviesVC.swift */; };
		900286D528835D01004C06EF /* Assets.xcassets in Resources */ = {isa = PBXBuildFile; fileRef = 900286D428835D01004C06EF /* Assets.xcassets */; };
		900286D828835D01004C06EF /* LaunchScreen.storyboard in Resources */ = {isa = PBXBuildFile; fileRef = 900286D628835D01004C06EF /* LaunchScreen.storyboard */; };
		900286E22883600D004C06EF /* MoviesListVC.swift in Sources */ = {isa = PBXBuildFile; fileRef = 900286E12883600D004C06EF /* MoviesListVC.swift */; };
		900286E5288364D5004C06EF /* Movie.swift in Sources */ = {isa = PBXBuildFile; fileRef = 900286E4288364D5004C06EF /* Movie.swift */; };
		900286E7288365A9004C06EF /* Item.swift in Sources */ = {isa = PBXBuildFile; fileRef = 900286E6288365A9004C06EF /* Item.swift */; };
		900286EA2883661E004C06EF /* NetworkManager.swift in Sources */ = {isa = PBXBuildFile; fileRef = 900286E92883661E004C06EF /* NetworkManager.swift */; };
		900286ED2883686E004C06EF /* ErrorMessage.swift in Sources */ = {isa = PBXBuildFile; fileRef = 900286EC2883686E004C06EF /* ErrorMessage.swift */; };
		900286EF28836DDA004C06EF /* CONSTANTS.swift in Sources */ = {isa = PBXBuildFile; fileRef = 900286EE28836DDA004C06EF /* CONSTANTS.swift */; };
		900286F128836F6E004C06EF /* MovieDetails.swift in Sources */ = {isa = PBXBuildFile; fileRef = 900286F028836F6E004C06EF /* MovieDetails.swift */; };
		900286F3288370D2004C06EF /* Actor.swift in Sources */ = {isa = PBXBuildFile; fileRef = 900286F2288370D2004C06EF /* Actor.swift */; };
		900286F92883A5B7004C06EF /* MovieCell.swift in Sources */ = {isa = PBXBuildFile; fileRef = 900286F82883A5B7004C06EF /* MovieCell.swift */; };
		900286FC2883A5EE004C06EF /* MoviePosterImageView.swift in Sources */ = {isa = PBXBuildFile; fileRef = 900286FB2883A5EE004C06EF /* MoviePosterImageView.swift */; };
		90117B2C2884B7DE002ECAB2 /* MovieTitleLabel.swift in Sources */ = {isa = PBXBuildFile; fileRef = 90117B2B2884B7DE002ECAB2 /* MovieTitleLabel.swift */; };
		90117B2E2884C737002ECAB2 /* MovieDetailsVC.swift in Sources */ = {isa = PBXBuildFile; fileRef = 90117B2D2884C737002ECAB2 /* MovieDetailsVC.swift */; };
		9060C2542885AC6C001830F9 /* UIViewController+Ext.swift in Sources */ = {isa = PBXBuildFile; fileRef = 9060C2532885AC6C001830F9 /* UIViewController+Ext.swift */; };
		9060C2562885B417001830F9 /* MovieListCell.swift in Sources */ = {isa = PBXBuildFile; fileRef = 9060C2552885B417001830F9 /* MovieListCell.swift */; };
		9060C2582885B919001830F9 /* PersistenceManager.swift in Sources */ = {isa = PBXBuildFile; fileRef = 9060C2572885B919001830F9 /* PersistenceManager.swift */; };
		90E000532887715B000C079E /* AlertVC.swift in Sources */ = {isa = PBXBuildFile; fileRef = 90E000522887715B000C079E /* AlertVC.swift */; };
		90E00055288771F4000C079E /* MovieBodyLabel.swift in Sources */ = {isa = PBXBuildFile; fileRef = 90E00054288771F4000C079E /* MovieBodyLabel.swift */; };
		90E000592887725E000C079E /* MovieButton.swift in Sources */ = {isa = PBXBuildFile; fileRef = 90E000582887725E000C079E /* MovieButton.swift */; };
/* End PBXBuildFile section */

/* Begin PBXFileReference section */
		900286C828835CFD004C06EF /* MyMovies.app */ = {isa = PBXFileReference; explicitFileType = wrapper.application; includeInIndex = 0; path = MyMovies.app; sourceTree = BUILT_PRODUCTS_DIR; };
		900286CB28835CFD004C06EF /* AppDelegate.swift */ = {isa = PBXFileReference; lastKnownFileType = sourcecode.swift; path = AppDelegate.swift; sourceTree = "<group>"; };
		900286CD28835CFD004C06EF /* SceneDelegate.swift */ = {isa = PBXFileReference; lastKnownFileType = sourcecode.swift; path = SceneDelegate.swift; sourceTree = "<group>"; };
		900286CF28835CFD004C06EF /* MoviesVC.swift */ = {isa = PBXFileReference; lastKnownFileType = sourcecode.swift; path = MoviesVC.swift; sourceTree = "<group>"; };
		900286D428835D01004C06EF /* Assets.xcassets */ = {isa = PBXFileReference; lastKnownFileType = folder.assetcatalog; path = Assets.xcassets; sourceTree = "<group>"; };
		900286D728835D01004C06EF /* Base */ = {isa = PBXFileReference; lastKnownFileType = file.storyboard; name = Base; path = Base.lproj/LaunchScreen.storyboard; sourceTree = "<group>"; };
		900286D928835D01004C06EF /* Info.plist */ = {isa = PBXFileReference; lastKnownFileType = text.plist.xml; path = Info.plist; sourceTree = "<group>"; };
		900286E12883600D004C06EF /* MoviesListVC.swift */ = {isa = PBXFileReference; lastKnownFileType = sourcecode.swift; path = MoviesListVC.swift; sourceTree = "<group>"; };
		900286E4288364D5004C06EF /* Movie.swift */ = {isa = PBXFileReference; lastKnownFileType = sourcecode.swift; path = Movie.swift; sourceTree = "<group>"; };
		900286E6288365A9004C06EF /* Item.swift */ = {isa = PBXFileReference; lastKnownFileType = sourcecode.swift; path = Item.swift; sourceTree = "<group>"; };
		900286E92883661E004C06EF /* NetworkManager.swift */ = {isa = PBXFileReference; lastKnownFileType = sourcecode.swift; path = NetworkManager.swift; sourceTree = "<group>"; };
		900286EC2883686E004C06EF /* ErrorMessage.swift */ = {isa = PBXFileReference; lastKnownFileType = sourcecode.swift; path = ErrorMessage.swift; sourceTree = "<group>"; };
		900286EE28836DDA004C06EF /* CONSTANTS.swift */ = {isa = PBXFileReference; lastKnownFileType = sourcecode.swift; path = CONSTANTS.swift; sourceTree = "<group>"; };
		900286F028836F6E004C06EF /* MovieDetails.swift */ = {isa = PBXFileReference; lastKnownFileType = sourcecode.swift; path = MovieDetails.swift; sourceTree = "<group>"; };
		900286F2288370D2004C06EF /* Actor.swift */ = {isa = PBXFileReference; lastKnownFileType = sourcecode.swift; path = Actor.swift; sourceTree = "<group>"; };
		900286F82883A5B7004C06EF /* MovieCell.swift */ = {isa = PBXFileReference; lastKnownFileType = sourcecode.swift; path = MovieCell.swift; sourceTree = "<group>"; };
		900286FB2883A5EE004C06EF /* MoviePosterImageView.swift */ = {isa = PBXFileReference; lastKnownFileType = sourcecode.swift; path = MoviePosterImageView.swift; sourceTree = "<group>"; };
		90117B2B2884B7DE002ECAB2 /* MovieTitleLabel.swift */ = {isa = PBXFileReference; lastKnownFileType = sourcecode.swift; path = MovieTitleLabel.swift; sourceTree = "<group>"; };
		90117B2D2884C737002ECAB2 /* MovieDetailsVC.swift */ = {isa = PBXFileReference; lastKnownFileType = sourcecode.swift; path = MovieDetailsVC.swift; sourceTree = "<group>"; };
		9060C2532885AC6C001830F9 /* UIViewController+Ext.swift */ = {isa = PBXFileReference; lastKnownFileType = sourcecode.swift; path = "UIViewController+Ext.swift"; sourceTree = "<group>"; };
		9060C2552885B417001830F9 /* MovieListCell.swift */ = {isa = PBXFileReference; lastKnownFileType = sourcecode.swift; path = MovieListCell.swift; sourceTree = "<group>"; };
		9060C2572885B919001830F9 /* PersistenceManager.swift */ = {isa = PBXFileReference; lastKnownFileType = sourcecode.swift; path = PersistenceManager.swift; sourceTree = "<group>"; };
		90E000522887715B000C079E /* AlertVC.swift */ = {isa = PBXFileReference; lastKnownFileType = sourcecode.swift; path = AlertVC.swift; sourceTree = "<group>"; };
		90E00054288771F4000C079E /* MovieBodyLabel.swift */ = {isa = PBXFileReference; lastKnownFileType = sourcecode.swift; path = MovieBodyLabel.swift; sourceTree = "<group>"; };
		90E000582887725E000C079E /* MovieButton.swift */ = {isa = PBXFileReference; lastKnownFileType = sourcecode.swift; path = MovieButton.swift; sourceTree = "<group>"; };
/* End PBXFileReference section */

/* Begin PBXFrameworksBuildPhase section */
		900286C528835CFD004C06EF /* Frameworks */ = {
			isa = PBXFrameworksBuildPhase;
			buildActionMask = 2147483647;
			files = (
			);
			runOnlyForDeploymentPostprocessing = 0;
		};
/* End PBXFrameworksBuildPhase section */

/* Begin PBXGroup section */
		900286BF28835CFD004C06EF = {
			isa = PBXGroup;
			children = (
				900286CA28835CFD004C06EF /* MyMovies */,
				900286C928835CFD004C06EF /* Products */,
			);
			sourceTree = "<group>";
		};
		900286C928835CFD004C06EF /* Products */ = {
			isa = PBXGroup;
			children = (
				900286C828835CFD004C06EF /* MyMovies.app */,
			);
			name = Products;
			sourceTree = "<group>";
		};
		900286CA28835CFD004C06EF /* MyMovies */ = {
			isa = PBXGroup;
			children = (
				9060C2522885AC4E001830F9 /* Extensions */,
				900286F62883A59D004C06EF /* CustomViews */,
				900286EB28836862004C06EF /* Utilities */,
				900286E82883660A004C06EF /* Managers */,
				900286E328836479004C06EF /* Model */,
				900286E028835FD3004C06EF /* Support */,
				900286DF28835FCC004C06EF /* ViewConrtoller */,
				900286D428835D01004C06EF /* Assets.xcassets */,
				900286D628835D01004C06EF /* LaunchScreen.storyboard */,
				900286D928835D01004C06EF /* Info.plist */,
				900286EE28836DDA004C06EF /* CONSTANTS.swift */,
			);
			path = MyMovies;
			sourceTree = "<group>";
		};
		900286DF28835FCC004C06EF /* ViewConrtoller */ = {
			isa = PBXGroup;
			children = (
				900286CF28835CFD004C06EF /* MoviesVC.swift */,
				900286E12883600D004C06EF /* MoviesListVC.swift */,
				90117B2D2884C737002ECAB2 /* MovieDetailsVC.swift */,
				90E000522887715B000C079E /* AlertVC.swift */,
			);
			path = ViewConrtoller;
			sourceTree = "<group>";
		};
		900286E028835FD3004C06EF /* Support */ = {
			isa = PBXGroup;
			children = (
				900286CB28835CFD004C06EF /* AppDelegate.swift */,
				900286CD28835CFD004C06EF /* SceneDelegate.swift */,
			);
			path = Support;
			sourceTree = "<group>";
		};
		900286E328836479004C06EF /* Model */ = {
			isa = PBXGroup;
			children = (
				900286E4288364D5004C06EF /* Movie.swift */,
				900286E6288365A9004C06EF /* Item.swift */,
				900286F028836F6E004C06EF /* MovieDetails.swift */,
				900286F2288370D2004C06EF /* Actor.swift */,
			);
			path = Model;
			sourceTree = "<group>";
		};
		900286E82883660A004C06EF /* Managers */ = {
			isa = PBXGroup;
			children = (
				900286E92883661E004C06EF /* NetworkManager.swift */,
				9060C2572885B919001830F9 /* PersistenceManager.swift */,
			);
			path = Managers;
			sourceTree = "<group>";
		};
		900286EB28836862004C06EF /* Utilities */ = {
			isa = PBXGroup;
			children = (
				900286EC2883686E004C06EF /* ErrorMessage.swift */,
			);
			path = Utilities;
			sourceTree = "<group>";
		};
		900286F62883A59D004C06EF /* CustomViews */ = {
			isa = PBXGroup;
			children = (
				90E0005628877243000C079E /* Buttons */,
				90117B2A2884B7D0002ECAB2 /* Labels */,
				900286FA2883A5CB004C06EF /* ImageViews */,
				900286F72883A5AB004C06EF /* Cells */,
			);
			path = CustomViews;
			sourceTree = "<group>";
		};
		900286F72883A5AB004C06EF /* Cells */ = {
			isa = PBXGroup;
			children = (
				900286F82883A5B7004C06EF /* MovieCell.swift */,
				9060C2552885B417001830F9 /* MovieListCell.swift */,
			);
			path = Cells;
			sourceTree = "<group>";
		};
		900286FA2883A5CB004C06EF /* ImageViews */ = {
			isa = PBXGroup;
			children = (
				900286FB2883A5EE004C06EF /* MoviePosterImageView.swift */,
			);
			path = ImageViews;
			sourceTree = "<group>";
		};
		90117B2A2884B7D0002ECAB2 /* Labels */ = {
			isa = PBXGroup;
			children = (
				90117B2B2884B7DE002ECAB2 /* MovieTitleLabel.swift */,
				90E00054288771F4000C079E /* MovieBodyLabel.swift */,
			);
			path = Labels;
			sourceTree = "<group>";
		};
		9060C2522885AC4E001830F9 /* Extensions */ = {
			isa = PBXGroup;
			children = (
				9060C2532885AC6C001830F9 /* UIViewController+Ext.swift */,
			);
			path = Extensions;
			sourceTree = "<group>";
		};
		90E0005628877243000C079E /* Buttons */ = {
			isa = PBXGroup;
			children = (
				90E000582887725E000C079E /* MovieButton.swift */,
			);
			path = Buttons;
			sourceTree = "<group>";
		};
/* End PBXGroup section */

/* Begin PBXNativeTarget section */
		900286C728835CFD004C06EF /* MyMovies */ = {
			isa = PBXNativeTarget;
			buildConfigurationList = 900286DC28835D01004C06EF /* Build configuration list for PBXNativeTarget "MyMovies" */;
			buildPhases = (
				900286C428835CFD004C06EF /* Sources */,
				900286C528835CFD004C06EF /* Frameworks */,
				900286C628835CFD004C06EF /* Resources */,
			);
			buildRules = (
			);
			dependencies = (
			);
			name = MyMovies;
			productName = MyMovies;
			productReference = 900286C828835CFD004C06EF /* MyMovies.app */;
			productType = "com.apple.product-type.application";
		};
/* End PBXNativeTarget section */

/* Begin PBXProject section */
		900286C028835CFD004C06EF /* Project object */ = {
			isa = PBXProject;
			attributes = {
				BuildIndependentTargetsInParallel = 1;
				LastSwiftUpdateCheck = 1340;
				LastUpgradeCheck = 1340;
				TargetAttributes = {
					900286C728835CFD004C06EF = {
						CreatedOnToolsVersion = 13.4.1;
					};
				};
			};
			buildConfigurationList = 900286C328835CFD004C06EF /* Build configuration list for PBXProject "MyMovies" */;
			compatibilityVersion = "Xcode 13.0";
			developmentRegion = en;
			hasScannedForEncodings = 0;
			knownRegions = (
				en,
				Base,
			);
			mainGroup = 900286BF28835CFD004C06EF;
			productRefGroup = 900286C928835CFD004C06EF /* Products */;
			projectDirPath = "";
			projectRoot = "";
			targets = (
				900286C728835CFD004C06EF /* MyMovies */,
			);
		};
/* End PBXProject section */

/* Begin PBXResourcesBuildPhase section */
		900286C628835CFD004C06EF /* Resources */ = {
			isa = PBXResourcesBuildPhase;
			buildActionMask = 2147483647;
			files = (
				900286D828835D01004C06EF /* LaunchScreen.storyboard in Resources */,
				900286D528835D01004C06EF /* Assets.xcassets in Resources */,
			);
			runOnlyForDeploymentPostprocessing = 0;
		};
/* End PBXResourcesBuildPhase section */

/* Begin PBXSourcesBuildPhase section */
		900286C428835CFD004C06EF /* Sources */ = {
			isa = PBXSourcesBuildPhase;
			buildActionMask = 2147483647;
			files = (
				900286D028835CFD004C06EF /* MoviesVC.swift in Sources */,
				900286E22883600D004C06EF /* MoviesListVC.swift in Sources */,
				900286F92883A5B7004C06EF /* MovieCell.swift in Sources */,
				900286CC28835CFD004C06EF /* AppDelegate.swift in Sources */,
				900286FC2883A5EE004C06EF /* MoviePosterImageView.swift in Sources */,
				900286F128836F6E004C06EF /* MovieDetails.swift in Sources */,
				90117B2C2884B7DE002ECAB2 /* MovieTitleLabel.swift in Sources */,
				900286F3288370D2004C06EF /* Actor.swift in Sources */,
				900286EA2883661E004C06EF /* NetworkManager.swift in Sources */,
				900286ED2883686E004C06EF /* ErrorMessage.swift in Sources */,
				900286CE28835CFD004C06EF /* SceneDelegate.swift in Sources */,
				9060C2562885B417001830F9 /* MovieListCell.swift in Sources */,
				900286E7288365A9004C06EF /* Item.swift in Sources */,
				90E000592887725E000C079E /* MovieButton.swift in Sources */,
				900286EF28836DDA004C06EF /* CONSTANTS.swift in Sources */,
				900286E5288364D5004C06EF /* Movie.swift in Sources */,
				9060C2582885B919001830F9 /* PersistenceManager.swift in Sources */,
				90E000532887715B000C079E /* AlertVC.swift in Sources */,
				90E00055288771F4000C079E /* MovieBodyLabel.swift in Sources */,
				9060C2542885AC6C001830F9 /* UIViewController+Ext.swift in Sources */,
				90117B2E2884C737002ECAB2 /* MovieDetailsVC.swift in Sources */,
			);
			runOnlyForDeploymentPostprocessing = 0;
		};
/* End PBXSourcesBuildPhase section */

/* Begin PBXVariantGroup section */
		900286D628835D01004C06EF /* LaunchScreen.storyboard */ = {
			isa = PBXVariantGroup;
			children = (
				900286D728835D01004C06EF /* Base */,
			);
			name = LaunchScreen.storyboard;
			sourceTree = "<group>";
		};
/* End PBXVariantGroup section */

/* Begin XCBuildConfiguration section */
		900286DA28835D01004C06EF /* Debug */ = {
			isa = XCBuildConfiguration;
			buildSettings = {
				ALWAYS_SEARCH_USER_PATHS = NO;
				CLANG_ANALYZER_NONNULL = YES;
				CLANG_ANALYZER_NUMBER_OBJECT_CONVERSION = YES_AGGRESSIVE;
				CLANG_CXX_LANGUAGE_STANDARD = "gnu++17";
				CLANG_ENABLE_MODULES = YES;
				CLANG_ENABLE_OBJC_ARC = YES;
				CLANG_ENABLE_OBJC_WEAK = YES;
				CLANG_WARN_BLOCK_CAPTURE_AUTORELEASING = YES;
				CLANG_WARN_BOOL_CONVERSION = YES;
				CLANG_WARN_COMMA = YES;
				CLANG_WARN_CONSTANT_CONVERSION = YES;
				CLANG_WARN_DEPRECATED_OBJC_IMPLEMENTATIONS = YES;
				CLANG_WARN_DIRECT_OBJC_ISA_USAGE = YES_ERROR;
				CLANG_WARN_DOCUMENTATION_COMMENTS = YES;
				CLANG_WARN_EMPTY_BODY = YES;
				CLANG_WARN_ENUM_CONVERSION = YES;
				CLANG_WARN_INFINITE_RECURSION = YES;
				CLANG_WARN_INT_CONVERSION = YES;
				CLANG_WARN_NON_LITERAL_NULL_CONVERSION = YES;
				CLANG_WARN_OBJC_IMPLICIT_RETAIN_SELF = YES;
				CLANG_WARN_OBJC_LITERAL_CONVERSION = YES;
				CLANG_WARN_OBJC_ROOT_CLASS = YES_ERROR;
				CLANG_WARN_QUOTED_INCLUDE_IN_FRAMEWORK_HEADER = YES;
				CLANG_WARN_RANGE_LOOP_ANALYSIS = YES;
				CLANG_WARN_STRICT_PROTOTYPES = YES;
				CLANG_WARN_SUSPICIOUS_MOVE = YES;
				CLANG_WARN_UNGUARDED_AVAILABILITY = YES_AGGRESSIVE;
				CLANG_WARN_UNREACHABLE_CODE = YES;
				CLANG_WARN__DUPLICATE_METHOD_MATCH = YES;
				COPY_PHASE_STRIP = NO;
				DEBUG_INFORMATION_FORMAT = dwarf;
				ENABLE_STRICT_OBJC_MSGSEND = YES;
				ENABLE_TESTABILITY = YES;
				GCC_C_LANGUAGE_STANDARD = gnu11;
				GCC_DYNAMIC_NO_PIC = NO;
				GCC_NO_COMMON_BLOCKS = YES;
				GCC_OPTIMIZATION_LEVEL = 0;
				GCC_PREPROCESSOR_DEFINITIONS = (
					"DEBUG=1",
					"$(inherited)",
				);
				GCC_WARN_64_TO_32_BIT_CONVERSION = YES;
				GCC_WARN_ABOUT_RETURN_TYPE = YES_ERROR;
				GCC_WARN_UNDECLARED_SELECTOR = YES;
				GCC_WARN_UNINITIALIZED_AUTOS = YES_AGGRESSIVE;
				GCC_WARN_UNUSED_FUNCTION = YES;
				GCC_WARN_UNUSED_VARIABLE = YES;
				IPHONEOS_DEPLOYMENT_TARGET = 15.5;
				MTL_ENABLE_DEBUG_INFO = INCLUDE_SOURCE;
				MTL_FAST_MATH = YES;
				ONLY_ACTIVE_ARCH = YES;
				SDKROOT = iphoneos;
				SWIFT_ACTIVE_COMPILATION_CONDITIONS = DEBUG;
				SWIFT_OPTIMIZATION_LEVEL = "-Onone";
			};
			name = Debug;
		};
		900286DB28835D01004C06EF /* Release */ = {
			isa = XCBuildConfiguration;
			buildSettings = {
				ALWAYS_SEARCH_USER_PATHS = NO;
				CLANG_ANALYZER_NONNULL = YES;
				CLANG_ANALYZER_NUMBER_OBJECT_CONVERSION = YES_AGGRESSIVE;
				CLANG_CXX_LANGUAGE_STANDARD = "gnu++17";
				CLANG_ENABLE_MODULES = YES;
				CLANG_ENABLE_OBJC_ARC = YES;
				CLANG_ENABLE_OBJC_WEAK = YES;
				CLANG_WARN_BLOCK_CAPTURE_AUTORELEASING = YES;
				CLANG_WARN_BOOL_CONVERSION = YES;
				CLANG_WARN_COMMA = YES;
				CLANG_WARN_CONSTANT_CONVERSION = YES;
				CLANG_WARN_DEPRECATED_OBJC_IMPLEMENTATIONS = YES;
				CLANG_WARN_DIRECT_OBJC_ISA_USAGE = YES_ERROR;
				CLANG_WARN_DOCUMENTATION_COMMENTS = YES;
				CLANG_WARN_EMPTY_BODY = YES;
				CLANG_WARN_ENUM_CONVERSION = YES;
				CLANG_WARN_INFINITE_RECURSION = YES;
				CLANG_WARN_INT_CONVERSION = YES;
				CLANG_WARN_NON_LITERAL_NULL_CONVERSION = YES;
				CLANG_WARN_OBJC_IMPLICIT_RETAIN_SELF = YES;
				CLANG_WARN_OBJC_LITERAL_CONVERSION = YES;
				CLANG_WARN_OBJC_ROOT_CLASS = YES_ERROR;
				CLANG_WARN_QUOTED_INCLUDE_IN_FRAMEWORK_HEADER = YES;
				CLANG_WARN_RANGE_LOOP_ANALYSIS = YES;
				CLANG_WARN_STRICT_PROTOTYPES = YES;
				CLANG_WARN_SUSPICIOUS_MOVE = YES;
				CLANG_WARN_UNGUARDED_AVAILABILITY = YES_AGGRESSIVE;
				CLANG_WARN_UNREACHABLE_CODE = YES;
				CLANG_WARN__DUPLICATE_METHOD_MATCH = YES;
				COPY_PHASE_STRIP = NO;
				DEBUG_INFORMATION_FORMAT = "dwarf-with-dsym";
				ENABLE_NS_ASSERTIONS = NO;
				ENABLE_STRICT_OBJC_MSGSEND = YES;
				GCC_C_LANGUAGE_STANDARD = gnu11;
				GCC_NO_COMMON_BLOCKS = YES;
				GCC_WARN_64_TO_32_BIT_CONVERSION = YES;
				GCC_WARN_ABOUT_RETURN_TYPE = YES_ERROR;
				GCC_WARN_UNDECLARED_SELECTOR = YES;
				GCC_WARN_UNINITIALIZED_AUTOS = YES_AGGRESSIVE;
				GCC_WARN_UNUSED_FUNCTION = YES;
				GCC_WARN_UNUSED_VARIABLE = YES;
				IPHONEOS_DEPLOYMENT_TARGET = 15.5;
				MTL_ENABLE_DEBUG_INFO = NO;
				MTL_FAST_MATH = YES;
				SDKROOT = iphoneos;
				SWIFT_COMPILATION_MODE = wholemodule;
				SWIFT_OPTIMIZATION_LEVEL = "-O";
				VALIDATE_PRODUCT = YES;
			};
			name = Release;
		};
		900286DD28835D01004C06EF /* Debug */ = {
			isa = XCBuildConfiguration;
			buildSettings = {
				ASSETCATALOG_COMPILER_APPICON_NAME = AppIcon;
				ASSETCATALOG_COMPILER_GLOBAL_ACCENT_COLOR_NAME = AccentColor;
				CODE_SIGN_STYLE = Automatic;
				CURRENT_PROJECT_VERSION = 1;
				DEVELOPMENT_TEAM = NPK5Z66VY5;
				GENERATE_INFOPLIST_FILE = YES;
				INFOPLIST_FILE = MyMovies/Info.plist;
				INFOPLIST_KEY_CFBundleDisplayName = MyMovies;
				INFOPLIST_KEY_UIApplicationSupportsIndirectInputEvents = YES;
				INFOPLIST_KEY_UILaunchStoryboardName = LaunchScreen;
				INFOPLIST_KEY_UISupportedInterfaceOrientations_iPad = "UIInterfaceOrientationPortrait UIInterfaceOrientationPortraitUpsideDown UIInterfaceOrientationLandscapeLeft UIInterfaceOrientationLandscapeRight";
				INFOPLIST_KEY_UISupportedInterfaceOrientations_iPhone = "UIInterfaceOrientationPortrait UIInterfaceOrientationLandscapeLeft UIInterfaceOrientationLandscapeRight";
				LD_RUNPATH_SEARCH_PATHS = (
					"$(inherited)",
					"@executable_path/Frameworks",
				);
				MARKETING_VERSION = 1.0;
				PRODUCT_BUNDLE_IDENTIFIER = joraid.MyMovies;
				PRODUCT_NAME = "$(TARGET_NAME)";
				SWIFT_EMIT_LOC_STRINGS = YES;
				SWIFT_VERSION = 5.0;
				TARGETED_DEVICE_FAMILY = 1;
			};
			name = Debug;
		};
		900286DE28835D01004C06EF /* Release */ = {
			isa = XCBuildConfiguration;
			buildSettings = {
				ASSETCATALOG_COMPILER_APPICON_NAME = AppIcon;
				ASSETCATALOG_COMPILER_GLOBAL_ACCENT_COLOR_NAME = AccentColor;
				CODE_SIGN_STYLE = Automatic;
				CURRENT_PROJECT_VERSION = 1;
				DEVELOPMENT_TEAM = NPK5Z66VY5;
				GENERATE_INFOPLIST_FILE = YES;
				INFOPLIST_FILE = MyMovies/Info.plist;
				INFOPLIST_KEY_CFBundleDisplayName = MyMovies;
				INFOPLIST_KEY_UIApplicationSupportsIndirectInputEvents = YES;
				INFOPLIST_KEY_UILaunchStoryboardName = LaunchScreen;
				INFOPLIST_KEY_UISupportedInterfaceOrientations_iPad = "UIInterfaceOrientationPortrait UIInterfaceOrientationPortraitUpsideDown UIInterfaceOrientationLandscapeLeft UIInterfaceOrientationLandscapeRight";
				INFOPLIST_KEY_UISupportedInterfaceOrientations_iPhone = "UIInterfaceOrientationPortrait UIInterfaceOrientationLandscapeLeft UIInterfaceOrientationLandscapeRight";
				LD_RUNPATH_SEARCH_PATHS = (
					"$(inherited)",
					"@executable_path/Frameworks",
				);
				MARKETING_VERSION = 1.0;
				PRODUCT_BUNDLE_IDENTIFIER = joraid.MyMovies;
				PRODUCT_NAME = "$(TARGET_NAME)";
				SWIFT_EMIT_LOC_STRINGS = YES;
				SWIFT_VERSION = 5.0;
				TARGETED_DEVICE_FAMILY = 1;
			};
			name = Release;
		};
/* End XCBuildConfiguration section */

/* Begin XCConfigurationList section */
		900286C328835CFD004C06EF /* Build configuration list for PBXProject "MyMovies" */ = {
			isa = XCConfigurationList;
			buildConfigurations = (
				900286DA28835D01004C06EF /* Debug */,
				900286DB28835D01004C06EF /* Release */,
			);
			defaultConfigurationIsVisible = 0;
			defaultConfigurationName = Release;
		};
		900286DC28835D01004C06EF /* Build configuration list for PBXNativeTarget "MyMovies" */ = {
			isa = XCConfigurationList;
			buildConfigurations = (
				900286DD28835D01004C06EF /* Debug */,
				900286DE28835D01004C06EF /* Release */,
			);
			defaultConfigurationIsVisible = 0;
			defaultConfigurationName = Release;
		};
/* End XCConfigurationList section */
	};
	rootObject = 900286C028835CFD004C06EF /* Project object */;
}
